{
  "name": "nodenpm",
  "version": "1.0.0",
  "lockfileVersion": 1,
  "requires": true,
  "dependencies": {
    "jquery": {
      "version": "1.9.1",
      "resolved": "https://registry.npmmirror.com/jquery/-/jquery-1.9.1.tgz",
      "integrity": "sha512-gK7jP5cOEUzjyL0dy7MEMfeSFlmt1yNSdZK98CL8W6o0DiNVW5O9hLcD2bdl48mL8q7bEJgd7d9AhhDaN+iDSQ=="
    }
  }
}
